<Solution>
  <Folder Name="/.github/">
    <File Path=".github/copilot-instructions.md" />
  </Folder>
  <Folder Name="/.github/agents/">
    <File Path=".github/agents/squad.agent.md" />
  </Folder>
  <Folder Name="/.github/workflows/">
    <File Path=".github/workflows/ci.yml" />
    <File Path=".github/workflows/squad-heartbeat.yml" />
    <File Path=".github/workflows/squad-issue-assign.yml" />
    <File Path=".github/workflows/squad-triage.yml" />
    <File Path=".github/workflows/sync-squad-labels.yml" />
  </Folder>
  <Folder Name="/dev/">
    <File Path=".editorconfig" />
    <File Path=".gitignore" />
    <File Path="build.ps1" />
    <File Path="copilot.md" />
    <File Path="copilot.txt" />
    <File Path="Directory.Build.props" />
    <File Path="Directory.Build.targets" />
    <File Path="Directory.Packages.props" />
    <File Path="LICENSE.md" />
    <File Path="NuGet.config" />
    <File Path="README.md" />
    <File Path="test_output.txt" />
    <File Path="version.json" />
    <File Path="virtual-folders.json" />
  </Folder>
  <Folder Name="/docs/">
    <File Path="docs/ArchitectureOverview.md" />
    <File Path="docs/ConceptualOverview.md" />
    <File Path="docs/Framework.md" />
    <File Path="docs/interfaces.md" />
    <File Path="docs/TermsAndAbbreviations.md" />
  </Folder>
  <Folder Name="/docs/analyzers/">
    <File Path="docs/analyzers/AIEL.md" />
    <File Path="docs/analyzers/AIEL00001.md" />
    <File Path="docs/analyzers/AIEL00002.md" />
    <File Path="docs/analyzers/AIEL00003.md" />
    <File Path="docs/analyzers/AIEL00004.md" />
    <File Path="docs/analyzers/AIEL00005.md" />
    <File Path="docs/analyzers/AIEL10001.md" />
    <File Path="docs/analyzers/AIEL10002.md" />
    <File Path="docs/analyzers/AIEL10003.md" />
    <File Path="docs/analyzers/AIEL10004.md" />
    <File Path="docs/analyzers/AIEL10005.md" />
    <File Path="docs/analyzers/AIEL10006.md" />
    <File Path="docs/analyzers/AIEL20001.md" />
    <File Path="docs/analyzers/AIEL20002.md" />
  </Folder>
  <Folder Name="/docs/features/">
    <File Path="docs/features/DISCUSSION.md" />
  </Folder>
  <Folder Name="/docs/features/authorization/">
    <File Path="docs/features/authorization/authorization-system-design.md" />
    <File Path="docs/features/authorization/authorization-system-plan.md" />
  </Folder>
  <Folder Name="/docs/features/authorization/disucssions/">
    <File Path="docs/features/authorization/disucssions/authorization-disucssion-01.md" />
  </Folder>
  <Folder Name="/docs/features/authorization/phases/">
    <File Path="docs/features/authorization/phases/phase-04a-contract-boundary-validation-brief.md" />
    <File Path="docs/features/authorization/phases/phase-04a-task-03-permission-domain-shared-validation-brief.md" />
    <File Path="docs/features/authorization/phases/phase-04a-task-04-permission-domain-validation-brief.md" />
    <File Path="docs/features/authorization/phases/phase-04a-task-05-06-permission-application-qa-brief.md" />
    <File Path="docs/features/authorization/phases/phase-04a-task-07-authorization-testing-qa-brief.md" />
    <File Path="docs/features/authorization/phases/phase-04a-task-08-authorization-analyzer-qa-brief.md" />
    <File Path="docs/features/authorization/phases/phase-04a-task-09-authorization-generators-qa-brief.md" />
    <File Path="docs/features/authorization/phases/phase-04a-task-10-authorization-efcore-qa-brief.md" />
    <File Path="docs/features/authorization/phases/phase-04a-task-11-reschedule-appointment-qa-brief.md" />
    <File Path="docs/features/authorization/phases/phase-04a-task-12-qa-brief.md" />
  </Folder>
  <Folder Name="/docs/features/authorization/reviews/">
    <File Path="docs/features/authorization/reviews/authorization-review-01.md" />
    <File Path="docs/features/authorization/reviews/authorization-review-02.md" />
    <File Path="docs/features/authorization/reviews/authorization-review-03.md" />
    <File Path="docs/features/authorization/reviews/authorization-review-04.md" />
    <File Path="docs/features/authorization/reviews/authorization-review-05.md" />
    <File Path="docs/features/authorization/reviews/authorization-review-06.md" />
  </Folder>
  <Folder Name="/docs/features/cqrs/">
    <File Path="docs/features/cqrs/phase-02-cqrs-and-event-driven-foundation.md" />
    <File Path="docs/features/cqrs/phase-05-mediator.md" />
  </Folder>
  <Folder Name="/docs/features/ddd/">
    <File Path="docs/features/ddd/AggregateRootDiscussion.md" />
    <File Path="docs/features/ddd/DomainPrimitives-AggregateRoot.md" />
    <File Path="docs/features/ddd/DomainPrimitives-DomainEvent.md" />
    <File Path="docs/features/ddd/DomainPrimitives-Entity.md" />
    <File Path="docs/features/ddd/DomainPrimitives-StrongID.md" />
    <File Path="docs/features/ddd/DomainPrimitives-ValueObject.md" />
    <File Path="docs/features/ddd/DomainPrimitives.md" />
  </Folder>
  <Folder Name="/docs/features/dependencies/">
    <File Path="docs/features/dependencies/phase-01-two-phase-configuration.md" />
  </Folder>
  <Folder Name="/docs/features/gps-nmea/">
    <File Path="docs/features/gps-nmea/benchmarks.md" />
    <File Path="docs/features/gps-nmea/BlogPost.md" />
    <File Path="docs/features/gps-nmea/implementation-plan.md" />
  </Folder>
  <Folder Name="/docs/features/logging/">
    <File Path="docs/features/logging/LoggingAnalyzer.md" />
  </Folder>
  <Folder Name="/docs/features/message-bus/">
    <File Path="docs/features/message-bus/message-bus-abstraction-plan.md" />
    <File Path="docs/features/message-bus/message-bus-abstraction.md" />
  </Folder>
  <Folder Name="/docs/features/message-bus/discussions/">
    <File Path="docs/features/message-bus/discussions/message-bus-discussion-01.md" />
  </Folder>
  <Folder Name="/docs/features/message-bus/reviews/">
    <File Path="docs/features/message-bus/reviews/message-bus-abstraction-review-01.md" />
  </Folder>
  <Folder Name="/docs/features/multitenancy/">
    <File Path="docs/features/multitenancy/multitenancy-system-handoff.md" />
    <File Path="docs/features/multitenancy/multitenancy-system.md" />
    <File Path="docs/features/multitenancy/phase-03-aiel-aspnet-operational-plan.md" />
  </Folder>
  <Folder Name="/docs/features/multitenancy/discussions/">
    <File Path="docs/features/multitenancy/discussions/current-tenant-discussion.md" />
  </Folder>
  <Folder Name="/docs/features/settings/">
    <File Path="docs/features/settings/setting-system.md" />
  </Folder>
  <Folder Name="/docs/features/strong-ids/">
    <File Path="docs/features/strong-ids/strong-id-first-class-feature.md" />
  </Folder>
  <Folder Name="/docs/prompts/">
    <File Path="docs/prompts/general.md" />
  </Folder>
  <Folder Name="/src/">
    <Project Path="src/Aiel.Actions.Commands/Aiel.Actions.Commands.csproj" />
    <Project Path="src/Aiel.Actions.Queries.EntityFrameworkCore/Aiel.Actions.Queries.EntityFrameworkCore.csproj" />
    <Project Path="src/Aiel.Actions.Queries/Aiel.Actions.Queries.csproj" />
    <Project Path="src/Aiel.Actions/Aiel.Actions.csproj" Id="87688b42-8701-4c89-bb41-f81a29678a7c" />
    <Project Path="src/Aiel.Application.Contracts/Aiel.Application.Contracts.csproj" />
    <Project Path="src/Aiel.Application/Aiel.Application.csproj" />
    <Project Path="src/Aiel.AspNetCore.Blazor.WebAssembly/Aiel.AspNetCore.Blazor.WebAssembly.csproj" Id="b465f734-1d03-4d39-8fb9-11e78c1e83eb" />
    <Project Path="src/Aiel.AspNetCore.Blazor/Aiel.AspNetCore.Blazor.csproj" Id="5319b8a4-25c3-40ca-828b-0257628c768b" />
    <Project Path="src/Aiel.AspNetCore/Aiel.AspNetCore.csproj" Id="c624d3e8-2052-48bf-bd46-3232f071fa23" />
    <Project Path="src/Aiel.Authorization.Analyzers/Aiel.Authorization.Analyzers.csproj" />
    <Project Path="src/Aiel.Authorization.Application.Contracts/Aiel.Authorization.Application.Contracts.csproj">
      <BuildDependency Project="src/Aiel.Authorization.Generators/Aiel.Authorization.Generators.csproj" />
    </Project>
    <Project Path="src/Aiel.Authorization.Application/Aiel.Authorization.Application.csproj" />
    <Project Path="src/Aiel.Authorization.Client.Blazor/Aiel.Authorization.Client.Blazor.csproj" />
    <Project Path="src/Aiel.Authorization.Client/Aiel.Authorization.Client.csproj" />
    <Project Path="src/Aiel.Authorization.Domain.Shared/Aiel.Authorization.Domain.Shared.csproj" />
    <Project Path="src/Aiel.Authorization.Domain/Aiel.Authorization.Domain.csproj" />
    <Project Path="src/Aiel.Authorization.EntityFrameworkCore.PostgreSql/Aiel.Authorization.EntityFrameworkCore.PostgreSql.csproj" />
    <Project Path="src/Aiel.Authorization.EntityFrameworkCore/Aiel.Authorization.EntityFrameworkCore.csproj" />
    <Project Path="src/Aiel.Authorization.Generators/Aiel.Authorization.Generators.csproj" />
    <Project Path="src/Aiel.Authorization.Testing/Aiel.Authorization.Testing.csproj" />
    <Project Path="src/Aiel.DataAccess.Dapper/Aiel.DataAccess.Dapper.csproj" />
    <Project Path="src/Aiel.DataAccess/Aiel.DataAccess.csproj" Id="9268dda6-c777-48d2-92f2-bc30412675fb" />
    <Project Path="src/Aiel.Domain.Abstractions/Aiel.Domain.Abstractions.csproj" Id="d21725df-35c2-4364-804e-0e30ddccb290" />
    <Project Path="src/Aiel.Domain.Shared/Aiel.Domain.Shared.csproj" Id="0b2dad1d-8c6e-4c8d-9260-6741b58c6c2d" />
    <Project Path="src/Aiel.Domain/Aiel.Domain.csproj" />
    <Project Path="src/Aiel.Emailing.Abstractions/Aiel.Emailing.Abstractions.csproj" Id="04543c0e-bec5-4e39-8d44-c2658d5a2d49" />
    <Project Path="src/Aiel.Emailing/Aiel.Emailing.csproj" />
    <Project Path="src/Aiel.EntityFrameworkCore/Aiel.EntityFrameworkCore.csproj" />
    <Project Path="src/Aiel.Framework.Abstractions/Aiel.Framework.Abstractions.csproj" Id="d441d293-c3d3-493d-aeb6-f0fd07c54ef1" />
    <Project Path="src/Aiel.Framework.Analyzers/Aiel.Framework.Analyzers.csproj" Id="0b7bc240-ff3d-4322-9802-94b913e0e71d" />
    <Project Path="src/Aiel.Framework.Generators/Aiel.Framework.Generators.csproj" Id="0ccfbdc8-66d8-4900-a758-fcff918fe84d" />
    <Project Path="src/Aiel.Framework/Aiel.Framework.csproj" Id="5b308164-fa89-4a79-ae34-e4aa83e94937" />
    <Project Path="src/Aiel.Gps.HP.Generators/Aiel.Gps.HP.Generators.csproj" />
    <Project Path="src/Aiel.Gps.HP/Aiel.Gps.HP.csproj">
      <BuildDependency Project="src/Aiel.Gps.HP.Generators/Aiel.Gps.HP.Generators.csproj" />
    </Project>
    <Project Path="src/Aiel.Gps/Aiel.Gps.csproj" />
    <Project Path="src/Aiel.IdGeneration/Aiel.IdGeneration.csproj" />
    <Project Path="src/Aiel.InternetTypes/Aiel.InternetTypes.csproj" />
    <Project Path="src/Aiel.Logging.Analyzers.CodeFixes/Aiel.Logging.Analyzers.CodeFixes.csproj" />
    <Project Path="src/Aiel.Logging.Analyzers/Aiel.Logging.Analyzers.csproj" />
    <Project Path="src/Aiel.Logging/Aiel.Logging.csproj" Id="9a36c8c7-09d0-43af-995b-ff824d1e59b7" />
    <Project Path="src/Aiel.Mediator.Abstractions/Aiel.Mediator.Abstractions.csproj" />
    <Project Path="src/Aiel.Mediator.Analyzers/Aiel.Mediator.Analyzers.csproj" />
    <Project Path="src/Aiel.Mediator/Aiel.Mediator.csproj" />
    <Project Path="src/Aiel.MessageBus.Abstractions/Aiel.MessageBus.Abstractions.csproj" />
    <Project Path="src/Aiel.MessageBus.Sagas/Aiel.MessageBus.Sagas.csproj" />
    <Project Path="src/Aiel.MessageBus.Testing/Aiel.MessageBus.Testing.csproj" />
    <Project Path="src/Aiel.MultiTenancy/Aiel.MultiTenancy.csproj" />
    <Project Path="src/Aiel.Results.Abstractions/Aiel.Results.Abstractions.csproj" Id="c2a2ad20-e528-4299-884e-8f2210fe20b0" />
    <Project Path="src/Aiel.Results.Analyzers/Aiel.Results.Analyzers.csproj" />
    <Project Path="src/Aiel.Results.Generators/Aiel.Results.Generators.csproj" />
    <Project Path="src/Aiel.Results/Aiel.Results.csproj" />
    <Project Path="src/Aiel.Roslyn/Aiel.Roslyn.shproj" Id="7cd6e1f8-b53f-4c4c-9699-8b2d3e34d8e5" />
    <Project Path="src/Aiel.Security/Aiel.Security.csproj" />
    <Project Path="src/Aiel.StrongIds.Analyzers/Aiel.StrongIds.Analyzers.csproj" Id="48a671e5-f2f8-43f9-8390-414b1ef8d9e6" />
    <Project Path="src/Aiel.StrongIds.AspNetCore/Aiel.StrongIds.AspNetCore.csproj" />
    <Project Path="src/Aiel.StrongIds.EntityFrameworkCore/Aiel.StrongIds.EntityFrameworkCore.csproj" />
    <Project Path="src/Aiel.StrongIds.Generators/Aiel.StrongIds.Generators.csproj" />
    <Project Path="src/Aiel.StrongIds/Aiel.StrongIds.csproj" />
    <Project Path="src/Aiel.Testing/Aiel.Testing.csproj" />
    <Project Path="src/Aiel/Aiel.csproj">
      <BuildDependency Project="src/Aiel.Authorization.Analyzers/Aiel.Authorization.Analyzers.csproj" />
      <BuildDependency Project="src/Aiel.Framework.Analyzers/Aiel.Framework.Analyzers.csproj" />
      <BuildDependency Project="src/Aiel.Logging.Analyzers/Aiel.Logging.Analyzers.csproj" />
      <BuildDependency Project="src/Aiel.Mediator.Analyzers/Aiel.Mediator.Analyzers.csproj" />
      <BuildDependency Project="src/Aiel.Results.Analyzers/Aiel.Results.Analyzers.csproj" />
      <BuildDependency Project="src/Aiel.StrongIds.Analyzers/Aiel.StrongIds.Analyzers.csproj" />
    </Project>
  </Folder>
  <Folder Name="/tests/">
    <File Path="tests/Directory.Build.props" />
    <Project Path="tests/Aiel.Actions.Commands.UnitTests/Aiel.Actions.Commands.UnitTests.csproj" Id="aace705f-04b2-477c-8a3d-e66c8eefe704" />
    <Project Path="tests/Aiel.Actions.Queries.EntityFrameworkCore.IntegrationTests/Aiel.Actions.Queries.EntityFrameworkCore.IntegrationTests.csproj" />
    <Project Path="tests/Aiel.Actions.Queries.UnitTests/Aiel.Actions.Queries.UnitTests.csproj" Id="0389e925-832e-438e-a214-679fc5ede0df" />
    <Project Path="tests/Aiel.Actions.UnitTests/Aiel.Actions.UnitTests.csproj" Id="b7c7b53c-c295-48d1-86b6-f4004a029899" />
    <Project Path="tests/Aiel.Application.Contracts.UnitTests/Aiel.Application.Contracts.UnitTests.csproj" />
    <Project Path="tests/Aiel.Application.UnitTests/Aiel.Application.UnitTests.csproj" />
    <Project Path="tests/Aiel.AspNetCore.IntegrationTests.WebApplication/Aiel.AspNetCore.IntegrationTests.WebApplication.csproj" />
    <Project Path="tests/Aiel.AspNetCore.IntegrationTests/Aiel.AspNetCore.IntegrationTests.csproj" />
    <Project Path="tests/Aiel.Authorization.Analyzers.UnitTests/Aiel.Authorization.Analyzers.UnitTests.csproj" />
    <Project Path="tests/Aiel.Authorization.Application.UnitTests/Aiel.Authorization.Application.UnitTests.csproj" />
    <Project Path="tests/Aiel.Authorization.AspNetCore.IntegrationTests.WebApplication/Aiel.Authorization.AspNetCore.IntegrationTests.WebApplication.csproj" />
    <Project Path="tests/Aiel.Authorization.AspNetCore.IntegrationTests/Aiel.Authorization.AspNetCore.IntegrationTests.csproj" />
    <Project Path="tests/Aiel.Authorization.Client.Blazor.UnitTests/Aiel.Authorization.Client.Blazor.UnitTests.csproj" />
    <Project Path="tests/Aiel.Authorization.Client.UnitTests/Aiel.Authorization.Client.UnitTests.csproj" />
    <Project Path="tests/Aiel.Authorization.Domain.Shared.UnitTests/Aiel.Authorization.Domain.Shared.UnitTests.csproj" />
    <Project Path="tests/Aiel.Authorization.Domain.UnitTests/Aiel.Authorization.Domain.UnitTests.csproj" />
    <Project Path="tests/Aiel.Authorization.EntityFrameworkCore.IntegrationTests/Aiel.Authorization.EntityFrameworkCore.IntegrationTests.csproj" />
    <Project Path="tests/Aiel.Authorization.Generators.UnitTests/Aiel.Authorization.Generators.UnitTests.csproj" />
    <Project Path="tests/Aiel.Authorization.Testing.UnitTests/Aiel.Authorization.Testing.UnitTests.csproj" />
    <Project Path="tests/Aiel.DataAccess.Dapper.UnitTests/Aiel.DataAccess.Dapper.UnitTests.csproj" />
    <Project Path="tests/Aiel.Emailing.UnitTests/Aiel.Emailing.UnitTests.csproj" />
    <Project Path="tests/Aiel.EntityFrameworkCore.IntegrationTests/Aiel.EntityFrameworkCore.IntegrationTests.csproj" />
    <Project Path="tests/Aiel.Framework.Analyzers.UnitTests/Aiel.Framework.Analyzers.UnitTests.csproj" Id="97943d6d-c93b-49ba-8f0a-862708ebb581" />
    <Project Path="tests/Aiel.Framework.Generators.UnitTests/Aiel.Framework.Generators.UnitTests.csproj" Id="9ec60c6c-84b1-4de7-b5af-14cb48f65f51" />
    <Project Path="tests/Aiel.Framework.UnitTests.Stubs/Aiel.Framework.UnitTests.Stubs.csproj">
      <BuildDependency Project="src/Aiel.Framework.Abstractions/Aiel.Framework.Abstractions.csproj" />
    </Project>
    <Project Path="tests/Aiel.Framework.UnitTests/Aiel.Framework.UnitTests.csproj" Id="017b45ee-359c-4275-bcae-e808d5d4536e" />
    <Project Path="tests/Aiel.Gps.Benchmarks/Aiel.Gps.Benchmarks.csproj" />
    <Project Path="tests/Aiel.Gps.HP.Generators.UnitTests/Aiel.Gps.HP.Generators.UnitTests.csproj" Id="93eb6a6c-b1dc-49b2-84ef-60c4f109d98f" />
    <Project Path="tests/Aiel.Gps.HP.UnitTests/Aiel.Gps.HP.UnitTests.csproj" />
    <Project Path="tests/Aiel.Gps.IntegrationTests/Aiel.Gps.IntegrationTests.csproj" />
    <Project Path="tests/Aiel.Gps.UnitTests/Aiel.Gps.UnitTests.csproj" />
    <Project Path="tests/Aiel.IdGeneration.UnitTests/Aiel.IdGeneration.UnitTests.csproj" />
    <Project Path="tests/Aiel.InternetTypes.UnitTests/Aiel.InternetTypes.UnitTests.csproj" />
    <Project Path="tests/Aiel.Logging.Analyzers.UnitTests/Aiel.Logging.Analyzers.UnitTests.csproj" />
    <Project Path="tests/Aiel.Mediator.Analyzers.UnitTests/Aiel.Mediator.Analyzers.UnitTests.csproj" />
    <Project Path="tests/Aiel.Mediator.UnitTests/Aiel.Mediator.UnitTests.csproj" />
    <Project Path="tests/Aiel.MessageBus.Sagas.UnitTests/Aiel.MessageBus.Sagas.UnitTests.csproj" />
    <Project Path="tests/Aiel.MessageBus.Testing.UnitTests/Aiel.MessageBus.Testing.UnitTests.csproj" />
    <Project Path="tests/Aiel.MessageBus.UnitTests/Aiel.MessageBus.UnitTests.csproj" />
    <Project Path="tests/Aiel.MultiTenancy.UnitTests/Aiel.MultiTenancy.UnitTests.csproj" />
    <Project Path="tests/Aiel.Results.Analyzers.UnitTests/Aiel.Results.Analyzers.UnitTests.csproj" />
    <Project Path="tests/Aiel.Results.Fixtures/Aiel.Results.Fixtures.csproj" />
    <Project Path="tests/Aiel.Results.GeneratedErrors/Aiel.Results.GeneratedErrors.csproj">
      <BuildDependency Project="src/Aiel.Results.Generators/Aiel.Results.Generators.csproj" />
    </Project>
    <Project Path="tests/Aiel.Results.Generators.UnitTests/Aiel.Results.Generators.UnitTests.csproj" />
    <Project Path="tests/Aiel.Results.IntegrationTests.WebApplication/Aiel.Results.IntegrationTests.WebApplication.csproj" />
    <Project Path="tests/Aiel.Results.IntegrationTests/Aiel.Results.IntegrationTests.csproj" />
    <Project Path="tests/Aiel.Results.UnitTests/Aiel.Results.UnitTests.csproj" />
    <Project Path="tests/Aiel.Security.UnitTests/Aiel.Security.UnitTests.csproj" />
    <Project Path="tests/Aiel.StrongIds.Analyzers.UnitTests/Aiel.StrongIds.Analyzers.UnitTests.csproj" />
    <Project Path="tests/Aiel.StrongIds.AspNetCore.IntegrationTests.WebApplication/Aiel.StrongIds.AspNetCore.IntegrationTests.WebApplication.csproj" />
    <Project Path="tests/Aiel.StrongIds.AspNetCore.IntegrationTests/Aiel.StrongIds.AspNetCore.IntegrationTests.csproj" />
    <Project Path="tests/Aiel.StrongIds.Generators.UnitTests/Aiel.StrongIds.Generators.UnitTests.csproj" Id="9d139a09-dbb2-4c6a-84dd-dc95744c3892" />
    <Project Path="tests/Aiel.StrongIds.UnitTests/Aiel.StrongIds.UnitTests.csproj" />
    <Project Path="tests/Aiel.Testing.Integration.UnitTests/Aiel.Testing.Integration.UnitTests.csproj" />
    <Project Path="tests/Aiel.Testing.UnitTests/Aiel.Testing.UnitTests.csproj" />
    <Project Path="tests/Aiel.UnitTests/Aiel.UnitTests.csproj" />
    <Project Path="tests/Aiel.WorkerService.Shared/Aiel.WorkerService.Shared.csproj" Id="13f5b610-8772-4b4d-bd58-4fd67ab30d33" />
    <Project Path="tests/Aiel.WorkerService/Aiel.WorkerService.csproj" Id="281dcac5-741f-4d6c-964d-c120c0da0cea" />
  </Folder>
</Solution>